<Solution>
  <Folder Name="/src/">
    <Project Path="src/YueToLogic.Cli/YueToLogic.Cli.csproj" />
    <Project Path="src/YueToLogic.Core/YueToLogic.Core.csproj" />
  </Folder>
  <Folder Name="/tests/">
    <Project Path="tests/YueToLogic.Core.Tests/YueToLogic.Core.Tests.csproj" />
  </Folder>
</Solution>
